
Microsoft Visual Studio Solution File, Format Version 12.00
# Visual Studio Version 16
VisualStudioVersion = 16.0.30503.244
MinimumVisualStudioVersion = 10.0.40219.1
Project("{9A19103F-16F7-4668-BE54-9A1E7A4F7556}") = "Anagram", "Anagram\Anagram.csproj", "{A8C53214-81DE-42CA-A820-F4C62511CECB}"
EndProject
Project("{FAE04EC0-301F-11D3-BF4B-00C04F79EFBC}") = "Tests", "Tests\Tests.csproj", "{DE899344-69AC-43FA-AD18-7DA8EE146100}"
EndProject
Global
	GlobalSection(SolutionConfigurationPlatforms) = preSolution
		Debug|Any CPU = Debug|Any CPU
		Release|Any CPU = Release|Any CPU
	EndGlobalSection
	GlobalSection(ProjectConfigurationPlatforms) = postSolution
		{A8C53214-81DE-42CA-A820-F4C62511CECB}.Debug|Any CPU.ActiveCfg = Debug|Any CPU
		{A8C53214-81DE-42CA-A820-F4C62511CECB}.Debug|Any CPU.Build.0 = Debug|Any CPU
		{A8C53214-81DE-42CA-A820-F4C62511CECB}.Release|Any CPU.ActiveCfg = Release|Any CPU
		{A8C53214-81DE-42CA-A820-F4C62511CECB}.Release|Any CPU.Build.0 = Release|Any CPU
		{DE899344-69AC-43FA-AD18-7DA8EE146100}.Debug|Any CPU.ActiveCfg = Debug|Any CPU
		{DE899344-69AC-43FA-AD18-7DA8EE146100}.Debug|Any CPU.Build.0 = Debug|Any CPU
		{DE899344-69AC-43FA-AD18-7DA8EE146100}.Release|Any CPU.ActiveCfg = Release|Any CPU
		{DE899344-69AC-43FA-AD18-7DA8EE146100}.Release|Any CPU.Build.0 = Release|Any CPU
	EndGlobalSection
	GlobalSection(SolutionProperties) = preSolution
		HideSolutionNode = FALSE
	EndGlobalSection
	GlobalSection(ExtensibilityGlobals) = postSolution
		SolutionGuid = {EE4253FE-D211-4A82-BD00-A9453A59A5CE}
	EndGlobalSection
EndGlobal
